Microsoft Visual Studio Solution File, Format Version 12.00
# Visual Studio Version 17
VisualStudioVersion = 17.5.2.0
MinimumVisualStudioVersion = 10.0.40219.1
Project("{FAE04EC0-301F-11D3-BF4B-00C04F79EFBC}") = "ITCS_3112_Lab_1_Checkout", "ITCS_3112_Lab_1_Checkout.csproj", "{31DAD8C1-5AC5-380A-1BD6-98E877EF9BAE}"
EndProject
Global
	GlobalSection(SolutionConfigurationPlatforms) = preSolution
		Debug|Any CPU = Debug|Any CPU
		Release|Any CPU = Release|Any CPU
	EndGlobalSection
	GlobalSection(ProjectConfigurationPlatforms) = postSolution
		{31DAD8C1-5AC5-380A-1BD6-98E877EF9BAE}.Debug|Any CPU.ActiveCfg = Debug|Any CPU
		{31DAD8C1-5AC5-380A-1BD6-98E877EF9BAE}.Debug|Any CPU.Build.0 = Debug|Any CPU
		{31DAD8C1-5AC5-380A-1BD6-98E877EF9BAE}.Release|Any CPU.ActiveCfg = Release|Any CPU
		{31DAD8C1-5AC5-380A-1BD6-98E877EF9BAE}.Release|Any CPU.Build.0 = Release|Any CPU
	EndGlobalSection
	GlobalSection(SolutionProperties) = preSolution
		HideSolutionNode = FALSE
	EndGlobalSection
	GlobalSection(ExtensibilityGlobals) = postSolution
		SolutionGuid = {1EE5D83A-C8A7-43C4-88D2-F1B1E833E625}
	EndGlobalSection
EndGlobal
